
Microsoft Visual Studio Solution File, Format Version 12.00
# Visual Studio Version 16
VisualStudioVersion = 16.0.34301.259
MinimumVisualStudioVersion = 10.0.40219.1
Project("{FAE04EC0-301F-11D3-BF4B-00C04F79EFBC}") = "PracticaTask5", "PracticaTask5\PracticaTask5.csproj", "{C398019D-F79A-4665-A44B-96883F4DDC55}"
EndProject
Global
	GlobalSection(SolutionConfigurationPlatforms) = preSolution
		Debug|Any CPU = Debug|Any CPU
		Release|Any CPU = Release|Any CPU
	EndGlobalSection
	GlobalSection(ProjectConfigurationPlatforms) = postSolution
		{C398019D-F79A-4665-A44B-96883F4DDC55}.Debug|Any CPU.ActiveCfg = Debug|Any CPU
		{C398019D-F79A-4665-A44B-96883F4DDC55}.Debug|Any CPU.Build.0 = Debug|Any CPU
		{C398019D-F79A-4665-A44B-96883F4DDC55}.Release|Any CPU.ActiveCfg = Release|Any CPU
		{C398019D-F79A-4665-A44B-96883F4DDC55}.Release|Any CPU.Build.0 = Release|Any CPU
	EndGlobalSection
	GlobalSection(SolutionProperties) = preSolution
		HideSolutionNode = FALSE
	EndGlobalSection
	GlobalSection(ExtensibilityGlobals) = postSolution
		SolutionGuid = {FCB729AD-B73D-4444-8556-13C35E9D3AB2}
	EndGlobalSection
EndGlobal
